// !$*UTF8*$!
{
	archiveVersion = 1;
	classes = {
	};
	objectVersion = 56;
	objects = {

/* Begin PBXBuildFile section */
		5EDE0C2E2B7E12730081B425 /* SimpleErrorView.swift in Sources */ = {isa = PBXBuildFile; fileRef = 5EDE0C2D2B7E12730081B425 /* SimpleErrorView.swift */; };
		5EDE0C302B7E14D60081B425 /* ComponentsContainer.swift in Sources */ = {isa = PBXBuildFile; fileRef = 5EDE0C2F2B7E14D60081B425 /* ComponentsContainer.swift */; };
		5EDE0C322B7E150E0081B425 /* Container.swift in Sources */ = {isa = PBXBuildFile; fileRef = 5EDE0C312B7E150E0081B425 /* Container.swift */; };
		5EDE0C352B7E15C20081B425 /* Core.swift in Sources */ = {isa = PBXBuildFile; fileRef = 5EDE0C342B7E15C20081B425 /* Core.swift */; };
		5EDE0C372B7E1E960081B425 /* LiveCryptoTest.swift in Sources */ = {isa = PBXBuildFile; fileRef = 5EDE0C362B7E1E960081B425 /* LiveCryptoTest.swift */; };
		5EDE0C3A2B7E1EEC0081B425 /* FakeCore.swift in Sources */ = {isa = PBXBuildFile; fileRef = 5EDE0C392B7E1EEC0081B425 /* FakeCore.swift */; };
		5EDE0C3C2B7E1FFF0081B425 /* FakeCoinGeckoService.swift in Sources */ = {isa = PBXBuildFile; fileRef = 5EDE0C3B2B7E1FFF0081B425 /* FakeCoinGeckoService.swift */; };
		5EDE0C3E2B7E32C70081B425 /* FakeResponses.swift in Sources */ = {isa = PBXBuildFile; fileRef = 5EDE0C3D2B7E32C70081B425 /* FakeResponses.swift */; };
		5EDE0C422B7E4B340081B425 /* BarChartView.swift in Sources */ = {isa = PBXBuildFile; fileRef = 5EDE0C412B7E4B340081B425 /* BarChartView.swift */; };
		5EDE0C442B7E57DF0081B425 /* CryptoRowView.swift in Sources */ = {isa = PBXBuildFile; fileRef = 5EDE0C432B7E57DF0081B425 /* CryptoRowView.swift */; };
		5EDE0C462B7E58460081B425 /* LineChartView.swift in Sources */ = {isa = PBXBuildFile; fileRef = 5EDE0C452B7E58460081B425 /* LineChartView.swift */; };
		5EEBE4452B7D1E1400384ABE /* CustomErrorView.swift in Sources */ = {isa = PBXBuildFile; fileRef = 5EEBE4442B7D1E1400384ABE /* CustomErrorView.swift */; };
		5EEDB7FB2B72C49200D82D02 /* AppDelegate.swift in Sources */ = {isa = PBXBuildFile; fileRef = 5EEDB7FA2B72C49200D82D02 /* AppDelegate.swift */; };
		5EEDB7FD2B72C49200D82D02 /* SceneDelegate.swift in Sources */ = {isa = PBXBuildFile; fileRef = 5EEDB7FC2B72C49200D82D02 /* SceneDelegate.swift */; };
		5EEDB8042B72C49500D82D02 /* Assets.xcassets in Resources */ = {isa = PBXBuildFile; fileRef = 5EEDB8032B72C49500D82D02 /* Assets.xcassets */; };
		5EEDB8072B72C49500D82D02 /* LaunchScreen.storyboard in Resources */ = {isa = PBXBuildFile; fileRef = 5EEDB8052B72C49500D82D02 /* LaunchScreen.storyboard */; };
		5EEDB81C2B72C49600D82D02 /* LiveCryptoUITests.swift in Sources */ = {isa = PBXBuildFile; fileRef = 5EEDB81B2B72C49600D82D02 /* LiveCryptoUITests.swift */; };
		5EEDB81E2B72C49600D82D02 /* LiveCryptoUITestsLaunchTests.swift in Sources */ = {isa = PBXBuildFile; fileRef = 5EEDB81D2B72C49600D82D02 /* LiveCryptoUITestsLaunchTests.swift */; };
		5EEDB82B2B73E3D900D82D02 /* CryptoListView.swift in Sources */ = {isa = PBXBuildFile; fileRef = 5EEDB82A2B73E3D900D82D02 /* CryptoListView.swift */; };
		5EEDB82E2B73E61B00D82D02 /* CryptoListResponse.swift in Sources */ = {isa = PBXBuildFile; fileRef = 5EEDB82D2B73E61B00D82D02 /* CryptoListResponse.swift */; };
		5EEDB8312B73E90F00D82D02 /* CoinGeckoService.swift in Sources */ = {isa = PBXBuildFile; fileRef = 5EEDB8302B73E90F00D82D02 /* CoinGeckoService.swift */; };
		5EEDB8342B73F15B00D82D02 /* MainCoordinator.swift in Sources */ = {isa = PBXBuildFile; fileRef = 5EEDB8332B73F15B00D82D02 /* MainCoordinator.swift */; };
		5EEDB8362B74E63100D82D02 /* CryptoDetailsResponse.swift in Sources */ = {isa = PBXBuildFile; fileRef = 5EEDB8352B74E63100D82D02 /* CryptoDetailsResponse.swift */; };
		5EEDB8392B74E9FA00D82D02 /* CryptoListViewModel.swift in Sources */ = {isa = PBXBuildFile; fileRef = 5EEDB8382B74E9FA00D82D02 /* CryptoListViewModel.swift */; };
		5EEDB83C2B74EA4400D82D02 /* CryptoDetailsView.swift in Sources */ = {isa = PBXBuildFile; fileRef = 5EEDB83B2B74EA4400D82D02 /* CryptoDetailsView.swift */; };
		5EEDB83E2B74EAED00D82D02 /* CryptoDetailsViewModel.swift in Sources */ = {isa = PBXBuildFile; fileRef = 5EEDB83D2B74EAED00D82D02 /* CryptoDetailsViewModel.swift */; };
		5EEDB8402B7519AE00D82D02 /* CryptoHistorycalResponse.swift in Sources */ = {isa = PBXBuildFile; fileRef = 5EEDB83F2B7519AE00D82D02 /* CryptoHistorycalResponse.swift */; };
		5EEDB8442B76A2DE00D82D02 /* Main.storyboard in Resources */ = {isa = PBXBuildFile; fileRef = 5EEDB8432B76A2DE00D82D02 /* Main.storyboard */; };
		5EEDB8462B778FE600D82D02 /* CryptoListIntent.swift in Sources */ = {isa = PBXBuildFile; fileRef = 5EEDB8452B778FE600D82D02 /* CryptoListIntent.swift */; };
		5EEDB8482B77930700D82D02 /* CryptoDetailsIntent.swift in Sources */ = {isa = PBXBuildFile; fileRef = 5EEDB8472B77930700D82D02 /* CryptoDetailsIntent.swift */; };
		5EEDB84B2B7BBD7800D82D02 /* Extension+String.swift in Sources */ = {isa = PBXBuildFile; fileRef = 5EEDB84A2B7BBD7700D82D02 /* Extension+String.swift */; };
/* End PBXBuildFile section */

/* Begin PBXContainerItemProxy section */
		5EEDB80E2B72C49600D82D02 /* PBXContainerItemProxy */ = {
			isa = PBXContainerItemProxy;
			containerPortal = 5EEDB7EF2B72C49200D82D02 /* Project object */;
			proxyType = 1;
			remoteGlobalIDString = 5EEDB7F62B72C49200D82D02;
			remoteInfo = LiveCrypto;
		};
		5EEDB8182B72C49600D82D02 /* PBXContainerItemProxy */ = {
			isa = PBXContainerItemProxy;
			containerPortal = 5EEDB7EF2B72C49200D82D02 /* Project object */;
			proxyType = 1;
			remoteGlobalIDString = 5EEDB7F62B72C49200D82D02;
			remoteInfo = LiveCrypto;
		};
/* End PBXContainerItemProxy section */

/* Begin PBXFileReference section */
		5EDE0C2D2B7E12730081B425 /* SimpleErrorView.swift */ = {isa = PBXFileReference; lastKnownFileType = sourcecode.swift; path = SimpleErrorView.swift; sourceTree = "<group>"; };
		5EDE0C2F2B7E14D60081B425 /* ComponentsContainer.swift */ = {isa = PBXFileReference; lastKnownFileType = sourcecode.swift; path = ComponentsContainer.swift; sourceTree = "<group>"; };
		5EDE0C312B7E150E0081B425 /* Container.swift */ = {isa = PBXFileReference; lastKnownFileType = sourcecode.swift; path = Container.swift; sourceTree = "<group>"; };
		5EDE0C342B7E15C20081B425 /* Core.swift */ = {isa = PBXFileReference; lastKnownFileType = sourcecode.swift; path = Core.swift; sourceTree = "<group>"; };
		5EDE0C362B7E1E960081B425 /* LiveCryptoTest.swift */ = {isa = PBXFileReference; lastKnownFileType = sourcecode.swift; path = LiveCryptoTest.swift; sourceTree = "<group>"; };
		5EDE0C392B7E1EEC0081B425 /* FakeCore.swift */ = {isa = PBXFileReference; lastKnownFileType = sourcecode.swift; path = FakeCore.swift; sourceTree = "<group>"; };
		5EDE0C3B2B7E1FFF0081B425 /* FakeCoinGeckoService.swift */ = {isa = PBXFileReference; lastKnownFileType = sourcecode.swift; path = FakeCoinGeckoService.swift; sourceTree = "<group>"; };
		5EDE0C3D2B7E32C70081B425 /* FakeResponses.swift */ = {isa = PBXFileReference; lastKnownFileType = sourcecode.swift; path = FakeResponses.swift; sourceTree = "<group>"; };
		5EDE0C412B7E4B340081B425 /* BarChartView.swift */ = {isa = PBXFileReference; lastKnownFileType = sourcecode.swift; path = BarChartView.swift; sourceTree = "<group>"; };
		5EDE0C432B7E57DF0081B425 /* CryptoRowView.swift */ = {isa = PBXFileReference; lastKnownFileType = sourcecode.swift; path = CryptoRowView.swift; sourceTree = "<group>"; };
		5EDE0C452B7E58460081B425 /* LineChartView.swift */ = {isa = PBXFileReference; lastKnownFileType = sourcecode.swift; path = LineChartView.swift; sourceTree = "<group>"; };
		5EEBE4442B7D1E1400384ABE /* CustomErrorView.swift */ = {isa = PBXFileReference; lastKnownFileType = sourcecode.swift; path = CustomErrorView.swift; sourceTree = "<group>"; };
		5EEDB7F72B72C49200D82D02 /* LiveCrypto.app */ = {isa = PBXFileReference; explicitFileType = wrapper.application; includeInIndex = 0; path = LiveCrypto.app; sourceTree = BUILT_PRODUCTS_DIR; };
		5EEDB7FA2B72C49200D82D02 /* AppDelegate.swift */ = {isa = PBXFileReference; lastKnownFileType = sourcecode.swift; path = AppDelegate.swift; sourceTree = "<group>"; };
		5EEDB7FC2B72C49200D82D02 /* SceneDelegate.swift */ = {isa = PBXFileReference; lastKnownFileType = sourcecode.swift; path = SceneDelegate.swift; sourceTree = "<group>"; };
		5EEDB8032B72C49500D82D02 /* Assets.xcassets */ = {isa = PBXFileReference; lastKnownFileType = folder.assetcatalog; path = Assets.xcassets; sourceTree = "<group>"; };
		5EEDB8062B72C49500D82D02 /* Base */ = {isa = PBXFileReference; lastKnownFileType = file.storyboard; name = Base; path = Base.lproj/LaunchScreen.storyboard; sourceTree = "<group>"; };
		5EEDB8082B72C49500D82D02 /* Info.plist */ = {isa = PBXFileReference; lastKnownFileType = text.plist.xml; path = Info.plist; sourceTree = "<group>"; };
		5EEDB80D2B72C49600D82D02 /* LiveCryptoTests.xctest */ = {isa = PBXFileReference; explicitFileType = wrapper.cfbundle; includeInIndex = 0; path = LiveCryptoTests.xctest; sourceTree = BUILT_PRODUCTS_DIR; };
		5EEDB8172B72C49600D82D02 /* LiveCryptoUITests.xctest */ = {isa = PBXFileReference; explicitFileType = wrapper.cfbundle; includeInIndex = 0; path = LiveCryptoUITests.xctest; sourceTree = BUILT_PRODUCTS_DIR; };
		5EEDB81B2B72C49600D82D02 /* LiveCryptoUITests.swift */ = {isa = PBXFileReference; lastKnownFileType = sourcecode.swift; path = LiveCryptoUITests.swift; sourceTree = "<group>"; };
		5EEDB81D2B72C49600D82D02 /* LiveCryptoUITestsLaunchTests.swift */ = {isa = PBXFileReference; lastKnownFileType = sourcecode.swift; path = LiveCryptoUITestsLaunchTests.swift; sourceTree = "<group>"; };
		5EEDB82A2B73E3D900D82D02 /* CryptoListView.swift */ = {isa = PBXFileReference; lastKnownFileType = sourcecode.swift; path = CryptoListView.swift; sourceTree = "<group>"; };
		5EEDB82D2B73E61B00D82D02 /* CryptoListResponse.swift */ = {isa = PBXFileReference; lastKnownFileType = sourcecode.swift; path = CryptoListResponse.swift; sourceTree = "<group>"; };
		5EEDB8302B73E90F00D82D02 /* CoinGeckoService.swift */ = {isa = PBXFileReference; lastKnownFileType = sourcecode.swift; path = CoinGeckoService.swift; sourceTree = "<group>"; };
		5EEDB8332B73F15B00D82D02 /* MainCoordinator.swift */ = {isa = PBXFileReference; lastKnownFileType = sourcecode.swift; path = MainCoordinator.swift; sourceTree = "<group>"; };
		5EEDB8352B74E63100D82D02 /* CryptoDetailsResponse.swift */ = {isa = PBXFileReference; lastKnownFileType = sourcecode.swift; path = CryptoDetailsResponse.swift; sourceTree = "<group>"; };
		5EEDB8382B74E9FA00D82D02 /* CryptoListViewModel.swift */ = {isa = PBXFileReference; lastKnownFileType = sourcecode.swift; path = CryptoListViewModel.swift; sourceTree = "<group>"; };
		5EEDB83B2B74EA4400D82D02 /* CryptoDetailsView.swift */ = {isa = PBXFileReference; lastKnownFileType = sourcecode.swift; path = CryptoDetailsView.swift; sourceTree = "<group>"; };
		5EEDB83D2B74EAED00D82D02 /* CryptoDetailsViewModel.swift */ = {isa = PBXFileReference; lastKnownFileType = sourcecode.swift; path = CryptoDetailsViewModel.swift; sourceTree = "<group>"; };
		5EEDB83F2B7519AE00D82D02 /* CryptoHistorycalResponse.swift */ = {isa = PBXFileReference; lastKnownFileType = sourcecode.swift; path = CryptoHistorycalResponse.swift; sourceTree = "<group>"; };
		5EEDB8432B76A2DE00D82D02 /* Main.storyboard */ = {isa = PBXFileReference; fileEncoding = 4; lastKnownFileType = file.storyboard; path = Main.storyboard; sourceTree = "<group>"; };
		5EEDB8452B778FE600D82D02 /* CryptoListIntent.swift */ = {isa = PBXFileReference; lastKnownFileType = sourcecode.swift; path = CryptoListIntent.swift; sourceTree = "<group>"; };
		5EEDB8472B77930700D82D02 /* CryptoDetailsIntent.swift */ = {isa = PBXFileReference; lastKnownFileType = sourcecode.swift; path = CryptoDetailsIntent.swift; sourceTree = "<group>"; };
		5EEDB84A2B7BBD7700D82D02 /* Extension+String.swift */ = {isa = PBXFileReference; lastKnownFileType = sourcecode.swift; path = "Extension+String.swift"; sourceTree = "<group>"; };
/* End PBXFileReference section */

/* Begin PBXFrameworksBuildPhase section */
		5EEDB7F42B72C49200D82D02 /* Frameworks */ = {
			isa = PBXFrameworksBuildPhase;
			buildActionMask = 2147483647;
			files = (
			);
			runOnlyForDeploymentPostprocessing = 0;
		};
		5EEDB80A2B72C49600D82D02 /* Frameworks */ = {
			isa = PBXFrameworksBuildPhase;
			buildActionMask = 2147483647;
			files = (
			);
			runOnlyForDeploymentPostprocessing = 0;
		};
		5EEDB8142B72C49600D82D02 /* Frameworks */ = {
			isa = PBXFrameworksBuildPhase;
			buildActionMask = 2147483647;
			files = (
			);
			runOnlyForDeploymentPostprocessing = 0;
		};
/* End PBXFrameworksBuildPhase section */

/* Begin PBXGroup section */
		5EDE0C332B7E15240081B425 /* Container */ = {
			isa = PBXGroup;
			children = (
				5EDE0C2F2B7E14D60081B425 /* ComponentsContainer.swift */,
				5EDE0C312B7E150E0081B425 /* Container.swift */,
				5EDE0C342B7E15C20081B425 /* Core.swift */,
			);
			path = Container;
			sourceTree = "<group>";
		};
		5EDE0C382B7E1ED80081B425 /* FakeObjects */ = {
			isa = PBXGroup;
			children = (
				5EDE0C392B7E1EEC0081B425 /* FakeCore.swift */,
				5EDE0C3B2B7E1FFF0081B425 /* FakeCoinGeckoService.swift */,
				5EDE0C3D2B7E32C70081B425 /* FakeResponses.swift */,
			);
			path = FakeObjects;
			sourceTree = "<group>";
		};
		5EDE0C3F2B7E4ACC0081B425 /* Storyboards */ = {
			isa = PBXGroup;
			children = (
				5EEDB8432B76A2DE00D82D02 /* Main.storyboard */,
				5EEDB8052B72C49500D82D02 /* LaunchScreen.storyboard */,
			);
			path = Storyboards;
			sourceTree = "<group>";
		};
		5EDE0C402B7E4B040081B425 /* Charts */ = {
			isa = PBXGroup;
			children = (
				5EDE0C412B7E4B340081B425 /* BarChartView.swift */,
				5EDE0C452B7E58460081B425 /* LineChartView.swift */,
			);
			path = Charts;
			sourceTree = "<group>";
		};
		5EEBE4432B7D1DF600384ABE /* CustomView */ = {
			isa = PBXGroup;
			children = (
				5EEBE4442B7D1E1400384ABE /* CustomErrorView.swift */,
				5EDE0C2D2B7E12730081B425 /* SimpleErrorView.swift */,
				5EDE0C432B7E57DF0081B425 /* CryptoRowView.swift */,
			);
			path = CustomView;
			sourceTree = "<group>";
		};
		5EEDB7EE2B72C49200D82D02 = {
			isa = PBXGroup;
			children = (
				5EEDB7F92B72C49200D82D02 /* LiveCrypto */,
				5EEDB8102B72C49600D82D02 /* LiveCryptoTests */,
				5EEDB81A2B72C49600D82D02 /* LiveCryptoUITests */,
				5EEDB7F82B72C49200D82D02 /* Products */,
			);
			sourceTree = "<group>";
		};
		5EEDB7F82B72C49200D82D02 /* Products */ = {
			isa = PBXGroup;
			children = (
				5EEDB7F72B72C49200D82D02 /* LiveCrypto.app */,
				5EEDB80D2B72C49600D82D02 /* LiveCryptoTests.xctest */,
				5EEDB8172B72C49600D82D02 /* LiveCryptoUITests.xctest */,
			);
			name = Products;
			sourceTree = "<group>";
		};
		5EEDB7F92B72C49200D82D02 /* LiveCrypto */ = {
			isa = PBXGroup;
			children = (
				5EEDB7FA2B72C49200D82D02 /* AppDelegate.swift */,
				5EEDB7FC2B72C49200D82D02 /* SceneDelegate.swift */,
				5EDE0C402B7E4B040081B425 /* Charts */,
				5EEBE4432B7D1DF600384ABE /* CustomView */,
				5EEDB83A2B74EA2800D82D02 /* CryptoDetails */,
				5EEDB8372B74E9D900D82D02 /* CryptoList */,
				5EEDB8322B73F14400D82D02 /* Coordinator */,
				5EEDB82F2B73E67100D82D02 /* ServiceCore */,
				5EEDB82C2B73E60600D82D02 /* Domain */,
				5EEDB8492B7BBD5D00D82D02 /* Extension */,
				5EDE0C3F2B7E4ACC0081B425 /* Storyboards */,
				5EEDB8082B72C49500D82D02 /* Info.plist */,
				5EEDB8032B72C49500D82D02 /* Assets.xcassets */,
			);
			path = LiveCrypto;
			sourceTree = "<group>";
		};
		5EEDB8102B72C49600D82D02 /* LiveCryptoTests */ = {
			isa = PBXGroup;
			children = (
				5EDE0C382B7E1ED80081B425 /* FakeObjects */,
				5EDE0C362B7E1E960081B425 /* LiveCryptoTest.swift */,
			);
			path = LiveCryptoTests;
			sourceTree = "<group>";
		};
		5EEDB81A2B72C49600D82D02 /* LiveCryptoUITests */ = {
			isa = PBXGroup;
			children = (
				5EEDB81B2B72C49600D82D02 /* LiveCryptoUITests.swift */,
				5EEDB81D2B72C49600D82D02 /* LiveCryptoUITestsLaunchTests.swift */,
			);
			path = LiveCryptoUITests;
			sourceTree = "<group>";
		};
		5EEDB82C2B73E60600D82D02 /* Domain */ = {
			isa = PBXGroup;
			children = (
				5EEDB82D2B73E61B00D82D02 /* CryptoListResponse.swift */,
				5EEDB83F2B7519AE00D82D02 /* CryptoHistorycalResponse.swift */,
				5EEDB8352B74E63100D82D02 /* CryptoDetailsResponse.swift */,
			);
			path = Domain;
			sourceTree = "<group>";
		};
		5EEDB82F2B73E67100D82D02 /* ServiceCore */ = {
			isa = PBXGroup;
			children = (
				5EEDB8302B73E90F00D82D02 /* CoinGeckoService.swift */,
				5EDE0C332B7E15240081B425 /* Container */,
			);
			path = ServiceCore;
			sourceTree = "<group>";
		};
		5EEDB8322B73F14400D82D02 /* Coordinator */ = {
			isa = PBXGroup;
			children = (
				5EEDB8332B73F15B00D82D02 /* MainCoordinator.swift */,
			);
			path = Coordinator;
			sourceTree = "<group>";
		};
		5EEDB8372B74E9D900D82D02 /* CryptoList */ = {
			isa = PBXGroup;
			children = (
				5EEDB82A2B73E3D900D82D02 /* CryptoListView.swift */,
				5EEDB8452B778FE600D82D02 /* CryptoListIntent.swift */,
				5EEDB8382B74E9FA00D82D02 /* CryptoListViewModel.swift */,
			);
			path = CryptoList;
			sourceTree = "<group>";
		};
		5EEDB83A2B74EA2800D82D02 /* CryptoDetails */ = {
			isa = PBXGroup;
			children = (
				5EEDB83B2B74EA4400D82D02 /* CryptoDetailsView.swift */,
				5EEDB83D2B74EAED00D82D02 /* CryptoDetailsViewModel.swift */,
				5EEDB8472B77930700D82D02 /* CryptoDetailsIntent.swift */,
			);
			path = CryptoDetails;
			sourceTree = "<group>";
		};
		5EEDB8492B7BBD5D00D82D02 /* Extension */ = {
			isa = PBXGroup;
			children = (
				5EEDB84A2B7BBD7700D82D02 /* Extension+String.swift */,
			);
			path = Extension;
			sourceTree = "<group>";
		};
/* End PBXGroup section */

/* Begin PBXNativeTarget section */
		5EEDB7F62B72C49200D82D02 /* LiveCrypto */ = {
			isa = PBXNativeTarget;
			buildConfigurationList = 5EEDB8212B72C49600D82D02 /* Build configuration list for PBXNativeTarget "LiveCrypto" */;
			buildPhases = (
				5EEDB7F32B72C49200D82D02 /* Sources */,
				5EEDB7F42B72C49200D82D02 /* Frameworks */,
				5EEDB7F52B72C49200D82D02 /* Resources */,
			);
			buildRules = (
			);
			dependencies = (
			);
			name = LiveCrypto;
			productName = LiveCrypto;
			productReference = 5EEDB7F72B72C49200D82D02 /* LiveCrypto.app */;
			productType = "com.apple.product-type.application";
		};
		5EEDB80C2B72C49600D82D02 /* LiveCryptoTests */ = {
			isa = PBXNativeTarget;
			buildConfigurationList = 5EEDB8242B72C49600D82D02 /* Build configuration list for PBXNativeTarget "LiveCryptoTests" */;
			buildPhases = (
				5EEDB8092B72C49600D82D02 /* Sources */,
				5EEDB80A2B72C49600D82D02 /* Frameworks */,
				5EEDB80B2B72C49600D82D02 /* Resources */,
			);
			buildRules = (
			);
			dependencies = (
				5EEDB80F2B72C49600D82D02 /* PBXTargetDependency */,
			);
			name = LiveCryptoTests;
			productName = LiveCryptoTests;
			productReference = 5EEDB80D2B72C49600D82D02 /* LiveCryptoTests.xctest */;
			productType = "com.apple.product-type.bundle.unit-test";
		};
		5EEDB8162B72C49600D82D02 /* LiveCryptoUITests */ = {
			isa = PBXNativeTarget;
			buildConfigurationList = 5EEDB8272B72C49600D82D02 /* Build configuration list for PBXNativeTarget "LiveCryptoUITests" */;
			buildPhases = (
				5EEDB8132B72C49600D82D02 /* Sources */,
				5EEDB8142B72C49600D82D02 /* Frameworks */,
				5EEDB8152B72C49600D82D02 /* Resources */,
			);
			buildRules = (
			);
			dependencies = (
				5EEDB8192B72C49600D82D02 /* PBXTargetDependency */,
			);
			name = LiveCryptoUITests;
			productName = LiveCryptoUITests;
			productReference = 5EEDB8172B72C49600D82D02 /* LiveCryptoUITests.xctest */;
			productType = "com.apple.product-type.bundle.ui-testing";
		};
/* End PBXNativeTarget section */

/* Begin PBXProject section */
		5EEDB7EF2B72C49200D82D02 /* Project object */ = {
			isa = PBXProject;
			attributes = {
				BuildIndependentTargetsInParallel = 1;
				LastSwiftUpdateCheck = 1520;
				LastUpgradeCheck = 1520;
				TargetAttributes = {
					5EEDB7F62B72C49200D82D02 = {
						CreatedOnToolsVersion = 15.2;
					};
					5EEDB80C2B72C49600D82D02 = {
						CreatedOnToolsVersion = 15.2;
						TestTargetID = 5EEDB7F62B72C49200D82D02;
					};
					5EEDB8162B72C49600D82D02 = {
						CreatedOnToolsVersion = 15.2;
						TestTargetID = 5EEDB7F62B72C49200D82D02;
					};
				};
			};
			buildConfigurationList = 5EEDB7F22B72C49200D82D02 /* Build configuration list for PBXProject "LiveCrypto" */;
			compatibilityVersion = "Xcode 14.0";
			developmentRegion = en;
			hasScannedForEncodings = 0;
			knownRegions = (
				en,
				Base,
			);
			mainGroup = 5EEDB7EE2B72C49200D82D02;
			productRefGroup = 5EEDB7F82B72C49200D82D02 /* Products */;
			projectDirPath = "";
			projectRoot = "";
			targets = (
				5EEDB7F62B72C49200D82D02 /* LiveCrypto */,
				5EEDB80C2B72C49600D82D02 /* LiveCryptoTests */,
				5EEDB8162B72C49600D82D02 /* LiveCryptoUITests */,
			);
		};
/* End PBXProject section */

/* Begin PBXResourcesBuildPhase section */
		5EEDB7F52B72C49200D82D02 /* Resources */ = {
			isa = PBXResourcesBuildPhase;
			buildActionMask = 2147483647;
			files = (
				5EEDB8442B76A2DE00D82D02 /* Main.storyboard in Resources */,
				5EEDB8072B72C49500D82D02 /* LaunchScreen.storyboard in Resources */,
				5EEDB8042B72C49500D82D02 /* Assets.xcassets in Resources */,
			);
			runOnlyForDeploymentPostprocessing = 0;
		};
		5EEDB80B2B72C49600D82D02 /* Resources */ = {
			isa = PBXResourcesBuildPhase;
			buildActionMask = 2147483647;
			files = (
			);
			runOnlyForDeploymentPostprocessing = 0;
		};
		5EEDB8152B72C49600D82D02 /* Resources */ = {
			isa = PBXResourcesBuildPhase;
			buildActionMask = 2147483647;
			files = (
			);
			runOnlyForDeploymentPostprocessing = 0;
		};
/* End PBXResourcesBuildPhase section */

/* Begin PBXSourcesBuildPhase section */
		5EEDB7F32B72C49200D82D02 /* Sources */ = {
			isa = PBXSourcesBuildPhase;
			buildActionMask = 2147483647;
			files = (
				5EEDB83E2B74EAED00D82D02 /* CryptoDetailsViewModel.swift in Sources */,
				5EEDB8342B73F15B00D82D02 /* MainCoordinator.swift in Sources */,
				5EEDB83C2B74EA4400D82D02 /* CryptoDetailsView.swift in Sources */,
				5EEDB8482B77930700D82D02 /* CryptoDetailsIntent.swift in Sources */,
				5EDE0C352B7E15C20081B425 /* Core.swift in Sources */,
				5EEDB7FB2B72C49200D82D02 /* AppDelegate.swift in Sources */,
				5EEDB8462B778FE600D82D02 /* CryptoListIntent.swift in Sources */,
				5EDE0C422B7E4B340081B425 /* BarChartView.swift in Sources */,
				5EEDB82E2B73E61B00D82D02 /* CryptoListResponse.swift in Sources */,
				5EDE0C322B7E150E0081B425 /* Container.swift in Sources */,
				5EEDB8392B74E9FA00D82D02 /* CryptoListViewModel.swift in Sources */,
				5EEDB84B2B7BBD7800D82D02 /* Extension+String.swift in Sources */,
				5EEDB8402B7519AE00D82D02 /* CryptoHistorycalResponse.swift in Sources */,
				5EDE0C462B7E58460081B425 /* LineChartView.swift in Sources */,
				5EEBE4452B7D1E1400384ABE /* CustomErrorView.swift in Sources */,
				5EDE0C302B7E14D60081B425 /* ComponentsContainer.swift in Sources */,
				5EEDB8362B74E63100D82D02 /* CryptoDetailsResponse.swift in Sources */,
				5EEDB82B2B73E3D900D82D02 /* CryptoListView.swift in Sources */,
				5EEDB8312B73E90F00D82D02 /* CoinGeckoService.swift in Sources */,
				5EDE0C442B7E57DF0081B425 /* CryptoRowView.swift in Sources */,
				5EEDB7FD2B72C49200D82D02 /* SceneDelegate.swift in Sources */,
				5EDE0C2E2B7E12730081B425 /* SimpleErrorView.swift in Sources */,
			);
			runOnlyForDeploymentPostprocessing = 0;
		};
		5EEDB8092B72C49600D82D02 /* Sources */ = {
			isa = PBXSourcesBuildPhase;
			buildActionMask = 2147483647;
			files = (
				5EDE0C372B7E1E960081B425 /* LiveCryptoTest.swift in Sources */,
				5EDE0C3A2B7E1EEC0081B425 /* FakeCore.swift in Sources */,
				5EDE0C3E2B7E32C70081B425 /* FakeResponses.swift in Sources */,
				5EDE0C3C2B7E1FFF0081B425 /* FakeCoinGeckoService.swift in Sources */,
			);
			runOnlyForDeploymentPostprocessing = 0;
		};
		5EEDB8132B72C49600D82D02 /* Sources */ = {
			isa = PBXSourcesBuildPhase;
			buildActionMask = 2147483647;
			files = (
				5EEDB81C2B72C49600D82D02 /* LiveCryptoUITests.swift in Sources */,
				5EEDB81E2B72C49600D82D02 /* LiveCryptoUITestsLaunchTests.swift in Sources */,
			);
			runOnlyForDeploymentPostprocessing = 0;
		};
/* End PBXSourcesBuildPhase section */

/* Begin PBXTargetDependency section */
		5EEDB80F2B72C49600D82D02 /* PBXTargetDependency */ = {
			isa = PBXTargetDependency;
			target = 5EEDB7F62B72C49200D82D02 /* LiveCrypto */;
			targetProxy = 5EEDB80E2B72C49600D82D02 /* PBXContainerItemProxy */;
		};
		5EEDB8192B72C49600D82D02 /* PBXTargetDependency */ = {
			isa = PBXTargetDependency;
			target = 5EEDB7F62B72C49200D82D02 /* LiveCrypto */;
			targetProxy = 5EEDB8182B72C49600D82D02 /* PBXContainerItemProxy */;
		};
/* End PBXTargetDependency section */

/* Begin PBXVariantGroup section */
		5EEDB8052B72C49500D82D02 /* LaunchScreen.storyboard */ = {
			isa = PBXVariantGroup;
			children = (
				5EEDB8062B72C49500D82D02 /* Base */,
			);
			name = LaunchScreen.storyboard;
			sourceTree = "<group>";
		};
/* End PBXVariantGroup section */

/* Begin XCBuildConfiguration section */
		5EEDB81F2B72C49600D82D02 /* Debug */ = {
			isa = XCBuildConfiguration;
			buildSettings = {
				ALWAYS_SEARCH_USER_PATHS = NO;
				ASSETCATALOG_COMPILER_GENERATE_SWIFT_ASSET_SYMBOL_EXTENSIONS = YES;
				CLANG_ANALYZER_NONNULL = YES;
				CLANG_ANALYZER_NUMBER_OBJECT_CONVERSION = YES_AGGRESSIVE;
				CLANG_CXX_LANGUAGE_STANDARD = "gnu++20";
				CLANG_ENABLE_MODULES = YES;
				CLANG_ENABLE_OBJC_ARC = YES;
				CLANG_ENABLE_OBJC_WEAK = YES;
				CLANG_WARN_BLOCK_CAPTURE_AUTORELEASING = YES;
				CLANG_WARN_BOOL_CONVERSION = YES;
				CLANG_WARN_COMMA = YES;
				CLANG_WARN_CONSTANT_CONVERSION = YES;
				CLANG_WARN_DEPRECATED_OBJC_IMPLEMENTATIONS = YES;
				CLANG_WARN_DIRECT_OBJC_ISA_USAGE = YES_ERROR;
				CLANG_WARN_DOCUMENTATION_COMMENTS = YES;
				CLANG_WARN_EMPTY_BODY = YES;
				CLANG_WARN_ENUM_CONVERSION = YES;
				CLANG_WARN_INFINITE_RECURSION = YES;
				CLANG_WARN_INT_CONVERSION = YES;
				CLANG_WARN_NON_LITERAL_NULL_CONVERSION = YES;
				CLANG_WARN_OBJC_IMPLICIT_RETAIN_SELF = YES;
				CLANG_WARN_OBJC_LITERAL_CONVERSION = YES;
				CLANG_WARN_OBJC_ROOT_CLASS = YES_ERROR;
				CLANG_WARN_QUOTED_INCLUDE_IN_FRAMEWORK_HEADER = YES;
				CLANG_WARN_RANGE_LOOP_ANALYSIS = YES;
				CLANG_WARN_STRICT_PROTOTYPES = YES;
				CLANG_WARN_SUSPICIOUS_MOVE = YES;
				CLANG_WARN_UNGUARDED_AVAILABILITY = YES_AGGRESSIVE;
				CLANG_WARN_UNREACHABLE_CODE = YES;
				CLANG_WARN__DUPLICATE_METHOD_MATCH = YES;
				COPY_PHASE_STRIP = NO;
				DEBUG_INFORMATION_FORMAT = dwarf;
				ENABLE_STRICT_OBJC_MSGSEND = YES;
				ENABLE_TESTABILITY = YES;
				ENABLE_USER_SCRIPT_SANDBOXING = YES;
				GCC_C_LANGUAGE_STANDARD = gnu17;
				GCC_DYNAMIC_NO_PIC = NO;
				GCC_NO_COMMON_BLOCKS = YES;
				GCC_OPTIMIZATION_LEVEL = 0;
				GCC_PREPROCESSOR_DEFINITIONS = (
					"DEBUG=1",
					"$(inherited)",
				);
				GCC_WARN_64_TO_32_BIT_CONVERSION = YES;
				GCC_WARN_ABOUT_RETURN_TYPE = YES_ERROR;
				GCC_WARN_UNDECLARED_SELECTOR = YES;
				GCC_WARN_UNINITIALIZED_AUTOS = YES_AGGRESSIVE;
				GCC_WARN_UNUSED_FUNCTION = YES;
				GCC_WARN_UNUSED_VARIABLE = YES;
				IPHONEOS_DEPLOYMENT_TARGET = 17.2;
				LOCALIZATION_PREFERS_STRING_CATALOGS = YES;
				MTL_ENABLE_DEBUG_INFO = INCLUDE_SOURCE;
				MTL_FAST_MATH = YES;
				ONLY_ACTIVE_ARCH = YES;
				SDKROOT = iphoneos;
				SWIFT_ACTIVE_COMPILATION_CONDITIONS = "DEBUG $(inherited)";
				SWIFT_OPTIMIZATION_LEVEL = "-Onone";
			};
			name = Debug;
		};
		5EEDB8202B72C49600D82D02 /* Release */ = {
			isa = XCBuildConfiguration;
			buildSettings = {
				ALWAYS_SEARCH_USER_PATHS = NO;
				ASSETCATALOG_COMPILER_GENERATE_SWIFT_ASSET_SYMBOL_EXTENSIONS = YES;
				CLANG_ANALYZER_NONNULL = YES;
				CLANG_ANALYZER_NUMBER_OBJECT_CONVERSION = YES_AGGRESSIVE;
				CLANG_CXX_LANGUAGE_STANDARD = "gnu++20";
				CLANG_ENABLE_MODULES = YES;
				CLANG_ENABLE_OBJC_ARC = YES;
				CLANG_ENABLE_OBJC_WEAK = YES;
				CLANG_WARN_BLOCK_CAPTURE_AUTORELEASING = YES;
				CLANG_WARN_BOOL_CONVERSION = YES;
				CLANG_WARN_COMMA = YES;
				CLANG_WARN_CONSTANT_CONVERSION = YES;
				CLANG_WARN_DEPRECATED_OBJC_IMPLEMENTATIONS = YES;
				CLANG_WARN_DIRECT_OBJC_ISA_USAGE = YES_ERROR;
				CLANG_WARN_DOCUMENTATION_COMMENTS = YES;
				CLANG_WARN_EMPTY_BODY = YES;
				CLANG_WARN_ENUM_CONVERSION = YES;
				CLANG_WARN_INFINITE_RECURSION = YES;
				CLANG_WARN_INT_CONVERSION = YES;
				CLANG_WARN_NON_LITERAL_NULL_CONVERSION = YES;
				CLANG_WARN_OBJC_IMPLICIT_RETAIN_SELF = YES;
				CLANG_WARN_OBJC_LITERAL_CONVERSION = YES;
				CLANG_WARN_OBJC_ROOT_CLASS = YES_ERROR;
				CLANG_WARN_QUOTED_INCLUDE_IN_FRAMEWORK_HEADER = YES;
				CLANG_WARN_RANGE_LOOP_ANALYSIS = YES;
				CLANG_WARN_STRICT_PROTOTYPES = YES;
				CLANG_WARN_SUSPICIOUS_MOVE = YES;
				CLANG_WARN_UNGUARDED_AVAILABILITY = YES_AGGRESSIVE;
				CLANG_WARN_UNREACHABLE_CODE = YES;
				CLANG_WARN__DUPLICATE_METHOD_MATCH = YES;
				COPY_PHASE_STRIP = NO;
				DEBUG_INFORMATION_FORMAT = "dwarf-with-dsym";
				ENABLE_NS_ASSERTIONS = NO;
				ENABLE_STRICT_OBJC_MSGSEND = YES;
				ENABLE_USER_SCRIPT_SANDBOXING = YES;
				GCC_C_LANGUAGE_STANDARD = gnu17;
				GCC_NO_COMMON_BLOCKS = YES;
				GCC_WARN_64_TO_32_BIT_CONVERSION = YES;
				GCC_WARN_ABOUT_RETURN_TYPE = YES_ERROR;
				GCC_WARN_UNDECLARED_SELECTOR = YES;
				GCC_WARN_UNINITIALIZED_AUTOS = YES_AGGRESSIVE;
				GCC_WARN_UNUSED_FUNCTION = YES;
				GCC_WARN_UNUSED_VARIABLE = YES;
				IPHONEOS_DEPLOYMENT_TARGET = 17.2;
				LOCALIZATION_PREFERS_STRING_CATALOGS = YES;
				MTL_ENABLE_DEBUG_INFO = NO;
				MTL_FAST_MATH = YES;
				SDKROOT = iphoneos;
				SWIFT_COMPILATION_MODE = wholemodule;
				VALIDATE_PRODUCT = YES;
			};
			name = Release;
		};
		5EEDB8222B72C49600D82D02 /* Debug */ = {
			isa = XCBuildConfiguration;
			buildSettings = {
				ASSETCATALOG_COMPILER_APPICON_NAME = AppIcon;
				ASSETCATALOG_COMPILER_GLOBAL_ACCENT_COLOR_NAME = AccentColor;
				CODE_SIGN_STYLE = Automatic;
				CURRENT_PROJECT_VERSION = 1;
				DEVELOPMENT_TEAM = 3MLG2UD2F8;
				GENERATE_INFOPLIST_FILE = YES;
				INFOPLIST_FILE = LiveCrypto/Info.plist;
				INFOPLIST_KEY_UIApplicationSupportsIndirectInputEvents = YES;
				INFOPLIST_KEY_UILaunchStoryboardName = LaunchScreen;
				INFOPLIST_KEY_UIMainStoryboardFile = Main;
				INFOPLIST_KEY_UISupportedInterfaceOrientations_iPad = "UIInterfaceOrientationPortrait UIInterfaceOrientationPortraitUpsideDown UIInterfaceOrientationLandscapeLeft UIInterfaceOrientationLandscapeRight";
				INFOPLIST_KEY_UISupportedInterfaceOrientations_iPhone = "UIInterfaceOrientationPortrait UIInterfaceOrientationLandscapeLeft UIInterfaceOrientationLandscapeRight";
				LD_RUNPATH_SEARCH_PATHS = (
					"$(inherited)",
					"@executable_path/Frameworks",
				);
				MARKETING_VERSION = 1.0;
				PRODUCT_BUNDLE_IDENTIFIER = salvatore.raso.LiveCrypto;
				PRODUCT_NAME = "$(TARGET_NAME)";
				SWIFT_EMIT_LOC_STRINGS = YES;
				SWIFT_VERSION = 5.0;
				TARGETED_DEVICE_FAMILY = "1,2";
			};
			name = Debug;
		};
		5EEDB8232B72C49600D82D02 /* Release */ = {
			isa = XCBuildConfiguration;
			buildSettings = {
				ASSETCATALOG_COMPILER_APPICON_NAME = AppIcon;
				ASSETCATALOG_COMPILER_GLOBAL_ACCENT_COLOR_NAME = AccentColor;
				CODE_SIGN_STYLE = Automatic;
				CURRENT_PROJECT_VERSION = 1;
				DEVELOPMENT_TEAM = 3MLG2UD2F8;
				GENERATE_INFOPLIST_FILE = YES;
				INFOPLIST_FILE = LiveCrypto/Info.plist;
				INFOPLIST_KEY_UIApplicationSupportsIndirectInputEvents = YES;
				INFOPLIST_KEY_UILaunchStoryboardName = LaunchScreen;
				INFOPLIST_KEY_UIMainStoryboardFile = Main;
				INFOPLIST_KEY_UISupportedInterfaceOrientations_iPad = "UIInterfaceOrientationPortrait UIInterfaceOrientationPortraitUpsideDown UIInterfaceOrientationLandscapeLeft UIInterfaceOrientationLandscapeRight";
				INFOPLIST_KEY_UISupportedInterfaceOrientations_iPhone = "UIInterfaceOrientationPortrait UIInterfaceOrientationLandscapeLeft UIInterfaceOrientationLandscapeRight";
				LD_RUNPATH_SEARCH_PATHS = (
					"$(inherited)",
					"@executable_path/Frameworks",
				);
				MARKETING_VERSION = 1.0;
				PRODUCT_BUNDLE_IDENTIFIER = salvatore.raso.LiveCrypto;
				PRODUCT_NAME = "$(TARGET_NAME)";
				SWIFT_EMIT_LOC_STRINGS = YES;
				SWIFT_VERSION = 5.0;
				TARGETED_DEVICE_FAMILY = "1,2";
			};
			name = Release;
		};
		5EEDB8252B72C49600D82D02 /* Debug */ = {
			isa = XCBuildConfiguration;
			buildSettings = {
				ALWAYS_EMBED_SWIFT_STANDARD_LIBRARIES = YES;
				BUNDLE_LOADER = "$(TEST_HOST)";
				CODE_SIGN_STYLE = Automatic;
				CURRENT_PROJECT_VERSION = 1;
				DEVELOPMENT_TEAM = 3MLG2UD2F8;
				GENERATE_INFOPLIST_FILE = YES;
				IPHONEOS_DEPLOYMENT_TARGET = 17.2;
				MARKETING_VERSION = 1.0;
				PRODUCT_BUNDLE_IDENTIFIER = salvatore.raso.LiveCryptoTests;
				PRODUCT_NAME = "$(TARGET_NAME)";
				SWIFT_EMIT_LOC_STRINGS = NO;
				SWIFT_VERSION = 5.0;
				TARGETED_DEVICE_FAMILY = "1,2";
				TEST_HOST = "$(BUILT_PRODUCTS_DIR)/LiveCrypto.app/$(BUNDLE_EXECUTABLE_FOLDER_PATH)/LiveCrypto";
			};
			name = Debug;
		};
		5EEDB8262B72C49600D82D02 /* Release */ = {
			isa = XCBuildConfiguration;
			buildSettings = {
				ALWAYS_EMBED_SWIFT_STANDARD_LIBRARIES = YES;
				BUNDLE_LOADER = "$(TEST_HOST)";
				CODE_SIGN_STYLE = Automatic;
				CURRENT_PROJECT_VERSION = 1;
				DEVELOPMENT_TEAM = 3MLG2UD2F8;
				GENERATE_INFOPLIST_FILE = YES;
				IPHONEOS_DEPLOYMENT_TARGET = 17.2;
				MARKETING_VERSION = 1.0;
				PRODUCT_BUNDLE_IDENTIFIER = salvatore.raso.LiveCryptoTests;
				PRODUCT_NAME = "$(TARGET_NAME)";
				SWIFT_EMIT_LOC_STRINGS = NO;
				SWIFT_VERSION = 5.0;
				TARGETED_DEVICE_FAMILY = "1,2";
				TEST_HOST = "$(BUILT_PRODUCTS_DIR)/LiveCrypto.app/$(BUNDLE_EXECUTABLE_FOLDER_PATH)/LiveCrypto";
			};
			name = Release;
		};
		5EEDB8282B72C49600D82D02 /* Debug */ = {
			isa = XCBuildConfiguration;
			buildSettings = {
				ALWAYS_EMBED_SWIFT_STANDARD_LIBRARIES = YES;
				CODE_SIGN_STYLE = Automatic;
				CURRENT_PROJECT_VERSION = 1;
				DEVELOPMENT_TEAM = 3MLG2UD2F8;
				GENERATE_INFOPLIST_FILE = YES;
				MARKETING_VERSION = 1.0;
				PRODUCT_BUNDLE_IDENTIFIER = salvatore.raso.LiveCryptoUITests;
				PRODUCT_NAME = "$(TARGET_NAME)";
				SWIFT_EMIT_LOC_STRINGS = NO;
				SWIFT_VERSION = 5.0;
				TARGETED_DEVICE_FAMILY = "1,2";
				TEST_TARGET_NAME = LiveCrypto;
			};
			name = Debug;
		};
		5EEDB8292B72C49600D82D02 /* Release */ = {
			isa = XCBuildConfiguration;
			buildSettings = {
				ALWAYS_EMBED_SWIFT_STANDARD_LIBRARIES = YES;
				CODE_SIGN_STYLE = Automatic;
				CURRENT_PROJECT_VERSION = 1;
				DEVELOPMENT_TEAM = 3MLG2UD2F8;
				GENERATE_INFOPLIST_FILE = YES;
				MARKETING_VERSION = 1.0;
				PRODUCT_BUNDLE_IDENTIFIER = salvatore.raso.LiveCryptoUITests;
				PRODUCT_NAME = "$(TARGET_NAME)";
				SWIFT_EMIT_LOC_STRINGS = NO;
				SWIFT_VERSION = 5.0;
				TARGETED_DEVICE_FAMILY = "1,2";
				TEST_TARGET_NAME = LiveCrypto;
			};
			name = Release;
		};
/* End XCBuildConfiguration section */

/* Begin XCConfigurationList section */
		5EEDB7F22B72C49200D82D02 /* Build configuration list for PBXProject "LiveCrypto" */ = {
			isa = XCConfigurationList;
			buildConfigurations = (
				5EEDB81F2B72C49600D82D02 /* Debug */,
				5EEDB8202B72C49600D82D02 /* Release */,
			);
			defaultConfigurationIsVisible = 0;
			defaultConfigurationName = Release;
		};
		5EEDB8212B72C49600D82D02 /* Build configuration list for PBXNativeTarget "LiveCrypto" */ = {
			isa = XCConfigurationList;
			buildConfigurations = (
				5EEDB8222B72C49600D82D02 /* Debug */,
				5EEDB8232B72C49600D82D02 /* Release */,
			);
			defaultConfigurationIsVisible = 0;
			defaultConfigurationName = Release;
		};
		5EEDB8242B72C49600D82D02 /* Build configuration list for PBXNativeTarget "LiveCryptoTests" */ = {
			isa = XCConfigurationList;
			buildConfigurations = (
				5EEDB8252B72C49600D82D02 /* Debug */,
				5EEDB8262B72C49600D82D02 /* Release */,
			);
			defaultConfigurationIsVisible = 0;
			defaultConfigurationName = Release;
		};
		5EEDB8272B72C49600D82D02 /* Build configuration list for PBXNativeTarget "LiveCryptoUITests" */ = {
			isa = XCConfigurationList;
			buildConfigurations = (
				5EEDB8282B72C49600D82D02 /* Debug */,
				5EEDB8292B72C49600D82D02 /* Release */,
			);
			defaultConfigurationIsVisible = 0;
			defaultConfigurationName = Release;
		};
/* End XCConfigurationList section */
	};
	rootObject = 5EEDB7EF2B72C49200D82D02 /* Project object */;
}
